// !$*UTF8*$!
{
	archiveVersion = 1;
	classes = {
	};
	objectVersion = 48;
	objects = {

/* Begin PBXBuildFile section */
		8F745FE31FC61CE800D9B802 /* AppDelegate.swift in Sources */ = {isa = PBXBuildFile; fileRef = 8F745FE21FC61CE800D9B802 /* AppDelegate.swift */; };
		8F745FE51FC61CE800D9B802 /* ViewController.swift in Sources */ = {isa = PBXBuildFile; fileRef = 8F745FE41FC61CE800D9B802 /* ViewController.swift */; };
		8F745FE81FC61CE800D9B802 /* Main.storyboard in Resources */ = {isa = PBXBuildFile; fileRef = 8F745FE61FC61CE800D9B802 /* Main.storyboard */; };
		8F745FEA1FC61CE800D9B802 /* Assets.xcassets in Resources */ = {isa = PBXBuildFile; fileRef = 8F745FE91FC61CE800D9B802 /* Assets.xcassets */; };
		8F745FED1FC61CE800D9B802 /* LaunchScreen.storyboard in Resources */ = {isa = PBXBuildFile; fileRef = 8F745FEB1FC61CE800D9B802 /* LaunchScreen.storyboard */; };
		8F745FF81FC61CE800D9B802 /* AreYouSleepingInTheLibraryTests.swift in Sources */ = {isa = PBXBuildFile; fileRef = 8F745FF71FC61CE800D9B802 /* AreYouSleepingInTheLibraryTests.swift */; };
		8F7460031FC61CE800D9B802 /* AreYouSleepingInTheLibraryUITests.swift in Sources */ = {isa = PBXBuildFile; fileRef = 8F7460021FC61CE800D9B802 /* AreYouSleepingInTheLibraryUITests.swift */; };
		8F7474781FCC8079004E20A0 /* Constants.swift in Sources */ = {isa = PBXBuildFile; fileRef = 8F7474771FCC8079004E20A0 /* Constants.swift */; };
/* End PBXBuildFile section */

/* Begin PBXContainerItemProxy section */
		8F745FF41FC61CE800D9B802 /* PBXContainerItemProxy */ = {
			isa = PBXContainerItemProxy;
			containerPortal = 8F745FD71FC61CE800D9B802 /* Project object */;
			proxyType = 1;
			remoteGlobalIDString = 8F745FDE1FC61CE800D9B802;
			remoteInfo = AreYouSleepingInTheLibrary;
		};
		8F745FFF1FC61CE800D9B802 /* PBXContainerItemProxy */ = {
			isa = PBXContainerItemProxy;
			containerPortal = 8F745FD71FC61CE800D9B802 /* Project object */;
			proxyType = 1;
			remoteGlobalIDString = 8F745FDE1FC61CE800D9B802;
			remoteInfo = AreYouSleepingInTheLibrary;
		};
/* End PBXContainerItemProxy section */

/* Begin PBXFileReference section */
		8F745FDF1FC61CE800D9B802 /* AreYouSleepingInTheLibrary.app */ = {isa = PBXFileReference; explicitFileType = wrapper.application; includeInIndex = 0; path = AreYouSleepingInTheLibrary.app; sourceTree = BUILT_PRODUCTS_DIR; };
		8F745FE21FC61CE800D9B802 /* AppDelegate.swift */ = {isa = PBXFileReference; lastKnownFileType = sourcecode.swift; path = AppDelegate.swift; sourceTree = "<group>"; };
		8F745FE41FC61CE800D9B802 /* ViewController.swift */ = {isa = PBXFileReference; lastKnownFileType = sourcecode.swift; path = ViewController.swift; sourceTree = "<group>"; };
		8F745FE71FC61CE800D9B802 /* Base */ = {isa = PBXFileReference; lastKnownFileType = file.storyboard; name = Base; path = Base.lproj/Main.storyboard; sourceTree = "<group>"; };
		8F745FE91FC61CE800D9B802 /* Assets.xcassets */ = {isa = PBXFileReference; lastKnownFileType = folder.assetcatalog; path = Assets.xcassets; sourceTree = "<group>"; };
		8F745FEC1FC61CE800D9B802 /* Base */ = {isa = PBXFileReference; lastKnownFileType = file.storyboard; name = Base; path = Base.lproj/LaunchScreen.storyboard; sourceTree = "<group>"; };
		8F745FEE1FC61CE800D9B802 /* Info.plist */ = {isa = PBXFileReference; lastKnownFileType = text.plist.xml; path = Info.plist; sourceTree = "<group>"; };
		8F745FF31FC61CE800D9B802 /* AreYouSleepingInTheLibraryTests.xctest */ = {isa = PBXFileReference; explicitFileType = wrapper.cfbundle; includeInIndex = 0; path = AreYouSleepingInTheLibraryTests.xctest; sourceTree = BUILT_PRODUCTS_DIR; };
		8F745FF71FC61CE800D9B802 /* AreYouSleepingInTheLibraryTests.swift */ = {isa = PBXFileReference; lastKnownFileType = sourcecode.swift; path = AreYouSleepingInTheLibraryTests.swift; sourceTree = "<group>"; };
		8F745FF91FC61CE800D9B802 /* Info.plist */ = {isa = PBXFileReference; lastKnownFileType = text.plist.xml; path = Info.plist; sourceTree = "<group>"; };
		8F745FFE1FC61CE800D9B802 /* AreYouSleepingInTheLibraryUITests.xctest */ = {isa = PBXFileReference; explicitFileType = wrapper.cfbundle; includeInIndex = 0; path = AreYouSleepingInTheLibraryUITests.xctest; sourceTree = BUILT_PRODUCTS_DIR; };
		8F7460021FC61CE800D9B802 /* AreYouSleepingInTheLibraryUITests.swift */ = {isa = PBXFileReference; lastKnownFileType = sourcecode.swift; path = AreYouSleepingInTheLibraryUITests.swift; sourceTree = "<group>"; };
		8F7460041FC61CE800D9B802 /* Info.plist */ = {isa = PBXFileReference; lastKnownFileType = text.plist.xml; path = Info.plist; sourceTree = "<group>"; };
		8F7474771FCC8079004E20A0 /* Constants.swift */ = {isa = PBXFileReference; lastKnownFileType = sourcecode.swift; path = Constants.swift; sourceTree = "<group>"; };
/* End PBXFileReference section */

/* Begin PBXFrameworksBuildPhase section */
		8F745FDC1FC61CE800D9B802 /* Frameworks */ = {
			isa = PBXFrameworksBuildPhase;
			buildActionMask = 2147483647;
			files = (
			);
			runOnlyForDeploymentPostprocessing = 0;
		};
		8F745FF01FC61CE800D9B802 /* Frameworks */ = {
			isa = PBXFrameworksBuildPhase;
			buildActionMask = 2147483647;
			files = (
			);
			runOnlyForDeploymentPostprocessing = 0;
		};
		8F745FFB1FC61CE800D9B802 /* Frameworks */ = {
			isa = PBXFrameworksBuildPhase;
			buildActionMask = 2147483647;
			files = (
			);
			runOnlyForDeploymentPostprocessing = 0;
		};
/* End PBXFrameworksBuildPhase section */

/* Begin PBXGroup section */
		8F745FD61FC61CE800D9B802 = {
			isa = PBXGroup;
			children = (
				8F745FE11FC61CE800D9B802 /* AreYouSleepingInTheLibrary */,
				8F745FF61FC61CE800D9B802 /* AreYouSleepingInTheLibraryTests */,
				8F7460011FC61CE800D9B802 /* AreYouSleepingInTheLibraryUITests */,
				8F745FE01FC61CE800D9B802 /* Products */,
			);
			sourceTree = "<group>";
		};
		8F745FE01FC61CE800D9B802 /* Products */ = {
			isa = PBXGroup;
			children = (
				8F745FDF1FC61CE800D9B802 /* AreYouSleepingInTheLibrary.app */,
				8F745FF31FC61CE800D9B802 /* AreYouSleepingInTheLibraryTests.xctest */,
				8F745FFE1FC61CE800D9B802 /* AreYouSleepingInTheLibraryUITests.xctest */,
			);
			name = Products;
			sourceTree = "<group>";
		};
		8F745FE11FC61CE800D9B802 /* AreYouSleepingInTheLibrary */ = {
			isa = PBXGroup;
			children = (
				8F745FE21FC61CE800D9B802 /* AppDelegate.swift */,
				8F7474771FCC8079004E20A0 /* Constants.swift */,
				8F745FE41FC61CE800D9B802 /* ViewController.swift */,
				8F745FE61FC61CE800D9B802 /* Main.storyboard */,
				8F745FE91FC61CE800D9B802 /* Assets.xcassets */,
				8F745FEB1FC61CE800D9B802 /* LaunchScreen.storyboard */,
				8F745FEE1FC61CE800D9B802 /* Info.plist */,
			);
			path = AreYouSleepingInTheLibrary;
			sourceTree = "<group>";
		};
		8F745FF61FC61CE800D9B802 /* AreYouSleepingInTheLibraryTests */ = {
			isa = PBXGroup;
			children = (
				8F745FF71FC61CE800D9B802 /* AreYouSleepingInTheLibraryTests.swift */,
				8F745FF91FC61CE800D9B802 /* Info.plist */,
			);
			path = AreYouSleepingInTheLibraryTests;
			sourceTree = "<group>";
		};
		8F7460011FC61CE800D9B802 /* AreYouSleepingInTheLibraryUITests */ = {
			isa = PBXGroup;
			children = (
				8F7460021FC61CE800D9B802 /* AreYouSleepingInTheLibraryUITests.swift */,
				8F7460041FC61CE800D9B802 /* Info.plist */,
			);
			path = AreYouSleepingInTheLibraryUITests;
			sourceTree = "<group>";
		};
/* End PBXGroup section */

/* Begin PBXNativeTarget section */
		8F745FDE1FC61CE800D9B802 /* AreYouSleepingInTheLibrary */ = {
			isa = PBXNativeTarget;
			buildConfigurationList = 8F7460071FC61CE800D9B802 /* Build configuration list for PBXNativeTarget "AreYouSleepingInTheLibrary" */;
			buildPhases = (
				8F745FDB1FC61CE800D9B802 /* Sources */,
				8F745FDC1FC61CE800D9B802 /* Frameworks */,
				8F745FDD1FC61CE800D9B802 /* Resources */,
			);
			buildRules = (
			);
			dependencies = (
			);
			name = AreYouSleepingInTheLibrary;
			productName = AreYouSleepingInTheLibrary;
			productReference = 8F745FDF1FC61CE800D9B802 /* AreYouSleepingInTheLibrary.app */;
			productType = "com.apple.product-type.application";
		};
		8F745FF21FC61CE800D9B802 /* AreYouSleepingInTheLibraryTests */ = {
			isa = PBXNativeTarget;
			buildConfigurationList = 8F74600A1FC61CE800D9B802 /* Build configuration list for PBXNativeTarget "AreYouSleepingInTheLibraryTests" */;
			buildPhases = (
				8F745FEF1FC61CE800D9B802 /* Sources */,
				8F745FF01FC61CE800D9B802 /* Frameworks */,
				8F745FF11FC61CE800D9B802 /* Resources */,
			);
			buildRules = (
			);
			dependencies = (
				8F745FF51FC61CE800D9B802 /* PBXTargetDependency */,
			);
			name = AreYouSleepingInTheLibraryTests;
			productName = AreYouSleepingInTheLibraryTests;
			productReference = 8F745FF31FC61CE800D9B802 /* AreYouSleepingInTheLibraryTests.xctest */;
			productType = "com.apple.product-type.bundle.unit-test";
		};
		8F745FFD1FC61CE800D9B802 /* AreYouSleepingInTheLibraryUITests */ = {
			isa = PBXNativeTarget;
			buildConfigurationList = 8F74600D1FC61CE800D9B802 /* Build configuration list for PBXNativeTarget "AreYouSleepingInTheLibraryUITests" */;
			buildPhases = (
				8F745FFA1FC61CE800D9B802 /* Sources */,
				8F745FFB1FC61CE800D9B802 /* Frameworks */,
				8F745FFC1FC61CE800D9B802 /* Resources */,
			);
			buildRules = (
			);
			dependencies = (
				8F7460001FC61CE800D9B802 /* PBXTargetDependency */,
			);
			name = AreYouSleepingInTheLibraryUITests;
			productName = AreYouSleepingInTheLibraryUITests;
			productReference = 8F745FFE1FC61CE800D9B802 /* AreYouSleepingInTheLibraryUITests.xctest */;
			productType = "com.apple.product-type.bundle.ui-testing";
		};
/* End PBXNativeTarget section */

/* Begin PBXProject section */
		8F745FD71FC61CE800D9B802 /* Project object */ = {
			isa = PBXProject;
			attributes = {
				LastSwiftUpdateCheck = 0910;
				LastUpgradeCheck = 0910;
				ORGANIZATIONNAME = "Yugandhara Lad";
				TargetAttributes = {
					8F745FDE1FC61CE800D9B802 = {
						CreatedOnToolsVersion = 9.1;
						ProvisioningStyle = Automatic;
					};
					8F745FF21FC61CE800D9B802 = {
						CreatedOnToolsVersion = 9.1;
						ProvisioningStyle = Automatic;
						TestTargetID = 8F745FDE1FC61CE800D9B802;
					};
					8F745FFD1FC61CE800D9B802 = {
						CreatedOnToolsVersion = 9.1;
						ProvisioningStyle = Automatic;
						TestTargetID = 8F745FDE1FC61CE800D9B802;
					};
				};
			};
			buildConfigurationList = 8F745FDA1FC61CE800D9B802 /* Build configuration list for PBXProject "AreYouSleepingInTheLibrary" */;
			compatibilityVersion = "Xcode 8.0";
			developmentRegion = en;
			hasScannedForEncodings = 0;
			knownRegions = (
				en,
				Base,
			);
			mainGroup = 8F745FD61FC61CE800D9B802;
			productRefGroup = 8F745FE01FC61CE800D9B802 /* Products */;
			projectDirPath = "";
			projectRoot = "";
			targets = (
				8F745FDE1FC61CE800D9B802 /* AreYouSleepingInTheLibrary */,
				8F745FF21FC61CE800D9B802 /* AreYouSleepingInTheLibraryTests */,
				8F745FFD1FC61CE800D9B802 /* AreYouSleepingInTheLibraryUITests */,
			);
		};
/* End PBXProject section */

/* Begin PBXResourcesBuildPhase section */
		8F745FDD1FC61CE800D9B802 /* Resources */ = {
			isa = PBXResourcesBuildPhase;
			buildActionMask = 2147483647;
			files = (
				8F745FED1FC61CE800D9B802 /* LaunchScreen.storyboard in Resources */,
				8F745FEA1FC61CE800D9B802 /* Assets.xcassets in Resources */,
				8F745FE81FC61CE800D9B802 /* Main.storyboard in Resources */,
			);
			runOnlyForDeploymentPostprocessing = 0;
		};
		8F745FF11FC61CE800D9B802 /* Resources */ = {
			isa = PBXResourcesBuildPhase;
			buildActionMask = 2147483647;
			files = (
			);
			runOnlyForDeploymentPostprocessing = 0;
		};
		8F745FFC1FC61CE800D9B802 /* Resources */ = {
			isa = PBXResourcesBuildPhase;
			buildActionMask = 2147483647;
			files = (
			);
			runOnlyForDeploymentPostprocessing = 0;
		};
/* End PBXResourcesBuildPhase section */

/* Begin PBXSourcesBuildPhase section */
		8F745FDB1FC61CE800D9B802 /* Sources */ = {
			isa = PBXSourcesBuildPhase;
			buildActionMask = 2147483647;
			files = (
				8F745FE51FC61CE800D9B802 /* ViewController.swift in Sources */,
				8F745FE31FC61CE800D9B802 /* AppDelegate.swift in Sources */,
				8F7474781FCC8079004E20A0 /* Constants.swift in Sources */,
			);
			runOnlyForDeploymentPostprocessing = 0;
		};
		8F745FEF1FC61CE800D9B802 /* Sources */ = {
			isa = PBXSourcesBuildPhase;
			buildActionMask = 2147483647;
			files = (
				8F745FF81FC61CE800D9B802 /* AreYouSleepingInTheLibraryTests.swift in Sources */,
			);
			runOnlyForDeploymentPostprocessing = 0;
		};
		8F745FFA1FC61CE800D9B802 /* Sources */ = {
			isa = PBXSourcesBuildPhase;
			buildActionMask = 2147483647;
			files = (
				8F7460031FC61CE800D9B802 /* AreYouSleepingInTheLibraryUITests.swift in Sources */,
			);
			runOnlyForDeploymentPostprocessing = 0;
		};
/* End PBXSourcesBuildPhase section */

/* Begin PBXTargetDependency section */
		8F745FF51FC61CE800D9B802 /* PBXTargetDependency */ = {
			isa = PBXTargetDependency;
			target = 8F745FDE1FC61CE800D9B802 /* AreYouSleepingInTheLibrary */;
			targetProxy = 8F745FF41FC61CE800D9B802 /* PBXContainerItemProxy */;
		};
		8F7460001FC61CE800D9B802 /* PBXTargetDependency */ = {
			isa = PBXTargetDependency;
			target = 8F745FDE1FC61CE800D9B802 /* AreYouSleepingInTheLibrary */;
			targetProxy = 8F745FFF1FC61CE800D9B802 /* PBXContainerItemProxy */;
		};
/* End PBXTargetDependency section */

/* Begin PBXVariantGroup section */
		8F745FE61FC61CE800D9B802 /* Main.storyboard */ = {
			isa = PBXVariantGroup;
			children = (
				8F745FE71FC61CE800D9B802 /* Base */,
			);
			name = Main.storyboard;
			sourceTree = "<group>";
		};
		8F745FEB1FC61CE800D9B802 /* LaunchScreen.storyboard */ = {
			isa = PBXVariantGroup;
			children = (
				8F745FEC1FC61CE800D9B802 /* Base */,
			);
			name = LaunchScreen.storyboard;
			sourceTree = "<group>";
		};
/* End PBXVariantGroup section */

/* Begin XCBuildConfiguration section */
		8F7460051FC61CE800D9B802 /* Debug */ = {
			isa = XCBuildConfiguration;
			buildSettings = {
				ALWAYS_SEARCH_USER_PATHS = NO;
				CLANG_ANALYZER_NONNULL = YES;
				CLANG_ANALYZER_NUMBER_OBJECT_CONVERSION = YES_AGGRESSIVE;
				CLANG_CXX_LANGUAGE_STANDARD = "gnu++14";
				CLANG_CXX_LIBRARY = "libc++";
				CLANG_ENABLE_MODULES = YES;
				CLANG_ENABLE_OBJC_ARC = YES;
				CLANG_WARN_BLOCK_CAPTURE_AUTORELEASING = YES;
				CLANG_WARN_BOOL_CONVERSION = YES;
				CLANG_WARN_COMMA = YES;
				CLANG_WARN_CONSTANT_CONVERSION = YES;
				CLANG_WARN_DIRECT_OBJC_ISA_USAGE = YES_ERROR;
				CLANG_WARN_DOCUMENTATION_COMMENTS = YES;
				CLANG_WARN_EMPTY_BODY = YES;
				CLANG_WARN_ENUM_CONVERSION = YES;
				CLANG_WARN_INFINITE_RECURSION = YES;
				CLANG_WARN_INT_CONVERSION = YES;
				CLANG_WARN_NON_LITERAL_NULL_CONVERSION = YES;
				CLANG_WARN_OBJC_LITERAL_CONVERSION = YES;
				CLANG_WARN_OBJC_ROOT_CLASS = YES_ERROR;
				CLANG_WARN_RANGE_LOOP_ANALYSIS = YES;
				CLANG_WARN_STRICT_PROTOTYPES = YES;
				CLANG_WARN_SUSPICIOUS_MOVE = YES;
				CLANG_WARN_UNGUARDED_AVAILABILITY = YES_AGGRESSIVE;
				CLANG_WARN_UNREACHABLE_CODE = YES;
				CLANG_WARN__DUPLICATE_METHOD_MATCH = YES;
				CODE_SIGN_IDENTITY = "iPhone Developer";
				COPY_PHASE_STRIP = NO;
				DEBUG_INFORMATION_FORMAT = dwarf;
				ENABLE_STRICT_OBJC_MSGSEND = YES;
				ENABLE_TESTABILITY = YES;
				GCC_C_LANGUAGE_STANDARD = gnu11;
				GCC_DYNAMIC_NO_PIC = NO;
				GCC_NO_COMMON_BLOCKS = YES;
				GCC_OPTIMIZATION_LEVEL = 0;
				GCC_PREPROCESSOR_DEFINITIONS = (
					"DEBUG=1",
					"$(inherited)",
				);
				GCC_WARN_64_TO_32_BIT_CONVERSION = YES;
				GCC_WARN_ABOUT_RETURN_TYPE = YES_ERROR;
				GCC_WARN_UNDECLARED_SELECTOR = YES;
				GCC_WARN_UNINITIALIZED_AUTOS = YES_AGGRESSIVE;
				GCC_WARN_UNUSED_FUNCTION = YES;
				GCC_WARN_UNUSED_VARIABLE = YES;
				IPHONEOS_DEPLOYMENT_TARGET = 11.1;
				MTL_ENABLE_DEBUG_INFO = YES;
				ONLY_ACTIVE_ARCH = YES;
				SDKROOT = iphoneos;
				SWIFT_ACTIVE_COMPILATION_CONDITIONS = DEBUG;
				SWIFT_OPTIMIZATION_LEVEL = "-Onone";
			};
			name = Debug;
		};
		8F7460061FC61CE800D9B802 /* Release */ = {
			isa = XCBuildConfiguration;
			buildSettings = {
				ALWAYS_SEARCH_USER_PATHS = NO;
				CLANG_ANALYZER_NONNULL = YES;
				CLANG_ANALYZER_NUMBER_OBJECT_CONVERSION = YES_AGGRESSIVE;
				CLANG_CXX_LANGUAGE_STANDARD = "gnu++14";
				CLANG_CXX_LIBRARY = "libc++";
				CLANG_ENABLE_MODULES = YES;
				CLANG_ENABLE_OBJC_ARC = YES;
				CLANG_WARN_BLOCK_CAPTURE_AUTORELEASING = YES;
				CLANG_WARN_BOOL_CONVERSION = YES;
				CLANG_WARN_COMMA = YES;
				CLANG_WARN_CONSTANT_CONVERSION = YES;
				CLANG_WARN_DIRECT_OBJC_ISA_USAGE = YES_ERROR;
				CLANG_WARN_DOCUMENTATION_COMMENTS = YES;
				CLANG_WARN_EMPTY_BODY = YES;
				CLANG_WARN_ENUM_CONVERSION = YES;
				CLANG_WARN_INFINITE_RECURSION = YES;
				CLANG_WARN_INT_CONVERSION = YES;
				CLANG_WARN_NON_LITERAL_NULL_CONVERSION = YES;
				CLANG_WARN_OBJC_LITERAL_CONVERSION = YES;
				CLANG_WARN_OBJC_ROOT_CLASS = YES_ERROR;
				CLANG_WARN_RANGE_LOOP_ANALYSIS = YES;
				CLANG_WARN_STRICT_PROTOTYPES = YES;
				CLANG_WARN_SUSPICIOUS_MOVE = YES;
				CLANG_WARN_UNGUARDED_AVAILABILITY = YES_AGGRESSIVE;
				CLANG_WARN_UNREACHABLE_CODE = YES;
				CLANG_WARN__DUPLICATE_METHOD_MATCH = YES;
				CODE_SIGN_IDENTITY = "iPhone Developer";
				COPY_PHASE_STRIP = NO;
				DEBUG_INFORMATION_FORMAT = "dwarf-with-dsym";
				ENABLE_NS_ASSERTIONS = NO;
				ENABLE_STRICT_OBJC_MSGSEND = YES;
				GCC_C_LANGUAGE_STANDARD = gnu11;
				GCC_NO_COMMON_BLOCKS = YES;
				GCC_WARN_64_TO_32_BIT_CONVERSION = YES;
				GCC_WARN_ABOUT_RETURN_TYPE = YES_ERROR;
				GCC_WARN_UNDECLARED_SELECTOR = YES;
				GCC_WARN_UNINITIALIZED_AUTOS = YES_AGGRESSIVE;
				GCC_WARN_UNUSED_FUNCTION = YES;
				GCC_WARN_UNUSED_VARIABLE = YES;
				IPHONEOS_DEPLOYMENT_TARGET = 11.1;
				MTL_ENABLE_DEBUG_INFO = NO;
				SDKROOT = iphoneos;
				SWIFT_OPTIMIZATION_LEVEL = "-Owholemodule";
				VALIDATE_PRODUCT = YES;
			};
			name = Release;
		};
		8F7460081FC61CE800D9B802 /* Debug */ = {
			isa = XCBuildConfiguration;
			buildSettings = {
				ASSETCATALOG_COMPILER_APPICON_NAME = AppIcon;
				CODE_SIGN_STYLE = Automatic;
				DEVELOPMENT_TEAM = 4FX69YPBM3;
				INFOPLIST_FILE = AreYouSleepingInTheLibrary/Info.plist;
				LD_RUNPATH_SEARCH_PATHS = "$(inherited) @executable_path/Frameworks";
				PRODUCT_BUNDLE_IDENTIFIER = com.Lad.Yugandhara.AreYouSleepingInTheLibrary;
				PRODUCT_NAME = "$(TARGET_NAME)";
				SWIFT_VERSION = 4.0;
				TARGETED_DEVICE_FAMILY = "1,2";
			};
			name = Debug;
		};
		8F7460091FC61CE800D9B802 /* Release */ = {
			isa = XCBuildConfiguration;
			buildSettings = {
				ASSETCATALOG_COMPILER_APPICON_NAME = AppIcon;
				CODE_SIGN_STYLE = Automatic;
				DEVELOPMENT_TEAM = 4FX69YPBM3;
				INFOPLIST_FILE = AreYouSleepingInTheLibrary/Info.plist;
				LD_RUNPATH_SEARCH_PATHS = "$(inherited) @executable_path/Frameworks";
				PRODUCT_BUNDLE_IDENTIFIER = com.Lad.Yugandhara.AreYouSleepingInTheLibrary;
				PRODUCT_NAME = "$(TARGET_NAME)";
				SWIFT_VERSION = 4.0;
				TARGETED_DEVICE_FAMILY = "1,2";
			};
			name = Release;
		};
		8F74600B1FC61CE800D9B802 /* Debug */ = {
			isa = XCBuildConfiguration;
			buildSettings = {
				ALWAYS_EMBED_SWIFT_STANDARD_LIBRARIES = YES;
				BUNDLE_LOADER = "$(TEST_HOST)";
				CODE_SIGN_STYLE = Automatic;
				DEVELOPMENT_TEAM = 4FX69YPBM3;
				INFOPLIST_FILE = AreYouSleepingInTheLibraryTests/Info.plist;
				LD_RUNPATH_SEARCH_PATHS = "$(inherited) @executable_path/Frameworks @loader_path/Frameworks";
				PRODUCT_BUNDLE_IDENTIFIER = com.Lad.Yugandhara.AreYouSleepingInTheLibraryTests;
				PRODUCT_NAME = "$(TARGET_NAME)";
				SWIFT_VERSION = 4.0;
				TARGETED_DEVICE_FAMILY = "1,2";
				TEST_HOST = "$(BUILT_PRODUCTS_DIR)/AreYouSleepingInTheLibrary.app/AreYouSleepingInTheLibrary";
			};
			name = Debug;
		};
		8F74600C1FC61CE800D9B802 /* Release */ = {
			isa = XCBuildConfiguration;
			buildSettings = {
				ALWAYS_EMBED_SWIFT_STANDARD_LIBRARIES = YES;
				BUNDLE_LOADER = "$(TEST_HOST)";
				CODE_SIGN_STYLE = Automatic;
				DEVELOPMENT_TEAM = 4FX69YPBM3;
				INFOPLIST_FILE = AreYouSleepingInTheLibraryTests/Info.plist;
				LD_RUNPATH_SEARCH_PATHS = "$(inherited) @executable_path/Frameworks @loader_path/Frameworks";
				PRODUCT_BUNDLE_IDENTIFIER = com.Lad.Yugandhara.AreYouSleepingInTheLibraryTests;
				PRODUCT_NAME = "$(TARGET_NAME)";
				SWIFT_VERSION = 4.0;
				TARGETED_DEVICE_FAMILY = "1,2";
				TEST_HOST = "$(BUILT_PRODUCTS_DIR)/AreYouSleepingInTheLibrary.app/AreYouSleepingInTheLibrary";
			};
			name = Release;
		};
		8F74600E1FC61CE800D9B802 /* Debug */ = {
			isa = XCBuildConfiguration;
			buildSettings = {
				ALWAYS_EMBED_SWIFT_STANDARD_LIBRARIES = YES;
				CODE_SIGN_STYLE = Automatic;
				DEVELOPMENT_TEAM = 4FX69YPBM3;
				INFOPLIST_FILE = AreYouSleepingInTheLibraryUITests/Info.plist;
				LD_RUNPATH_SEARCH_PATHS = "$(inherited) @executable_path/Frameworks @loader_path/Frameworks";
				PRODUCT_BUNDLE_IDENTIFIER = com.Lad.Yugandhara.AreYouSleepingInTheLibraryUITests;
				PRODUCT_NAME = "$(TARGET_NAME)";
				SWIFT_VERSION = 4.0;
				TARGETED_DEVICE_FAMILY = "1,2";
				TEST_TARGET_NAME = AreYouSleepingInTheLibrary;
			};
			name = Debug;
		};
		8F74600F1FC61CE800D9B802 /* Release */ = {
			isa = XCBuildConfiguration;
			buildSettings = {
				ALWAYS_EMBED_SWIFT_STANDARD_LIBRARIES = YES;
				CODE_SIGN_STYLE = Automatic;
				DEVELOPMENT_TEAM = 4FX69YPBM3;
				INFOPLIST_FILE = AreYouSleepingInTheLibraryUITests/Info.plist;
				LD_RUNPATH_SEARCH_PATHS = "$(inherited) @executable_path/Frameworks @loader_path/Frameworks";
				PRODUCT_BUNDLE_IDENTIFIER = com.Lad.Yugandhara.AreYouSleepingInTheLibraryUITests;
				PRODUCT_NAME = "$(TARGET_NAME)";
				SWIFT_VERSION = 4.0;
				TARGETED_DEVICE_FAMILY = "1,2";
				TEST_TARGET_NAME = AreYouSleepingInTheLibrary;
			};
			name = Release;
		};
/* End XCBuildConfiguration section */

/* Begin XCConfigurationList section */
		8F745FDA1FC61CE800D9B802 /* Build configuration list for PBXProject "AreYouSleepingInTheLibrary" */ = {
			isa = XCConfigurationList;
			buildConfigurations = (
				8F7460051FC61CE800D9B802 /* Debug */,
				8F7460061FC61CE800D9B802 /* Release */,
			);
			defaultConfigurationIsVisible = 0;
			defaultConfigurationName = Release;
		};
		8F7460071FC61CE800D9B802 /* Build configuration list for PBXNativeTarget "AreYouSleepingInTheLibrary" */ = {
			isa = XCConfigurationList;
			buildConfigurations = (
				8F7460081FC61CE800D9B802 /* Debug */,
				8F7460091FC61CE800D9B802 /* Release */,
			);
			defaultConfigurationIsVisible = 0;
			defaultConfigurationName = Release;
		};
		8F74600A1FC61CE800D9B802 /* Build configuration list for PBXNativeTarget "AreYouSleepingInTheLibraryTests" */ = {
			isa = XCConfigurationList;
			buildConfigurations = (
				8F74600B1FC61CE800D9B802 /* Debug */,
				8F74600C1FC61CE800D9B802 /* Release */,
			);
			defaultConfigurationIsVisible = 0;
			defaultConfigurationName = Release;
		};
		8F74600D1FC61CE800D9B802 /* Build configuration list for PBXNativeTarget "AreYouSleepingInTheLibraryUITests" */ = {
			isa = XCConfigurationList;
			buildConfigurations = (
				8F74600E1FC61CE800D9B802 /* Debug */,
				8F74600F1FC61CE800D9B802 /* Release */,
			);
			defaultConfigurationIsVisible = 0;
			defaultConfigurationName = Release;
		};
/* End XCConfigurationList section */
	};
	rootObject = 8F745FD71FC61CE800D9B802 /* Project object */;
}
